// !$*UTF8*$!
{
	archiveVersion = 1;
	classes = {
	};
	objectVersion = 50;
	objects = {

/* Begin PBXBuildFile section */
		E430CC5224D2FA9400C21AD4 /* AppDelegate.swift in Sources */ = {isa = PBXBuildFile; fileRef = E430CC5124D2FA9400C21AD4 /* AppDelegate.swift */; };
		E430CC5424D2FA9400C21AD4 /* SceneDelegate.swift in Sources */ = {isa = PBXBuildFile; fileRef = E430CC5324D2FA9400C21AD4 /* SceneDelegate.swift */; };
		E430CC5624D2FA9400C21AD4 /* ViewController.swift in Sources */ = {isa = PBXBuildFile; fileRef = E430CC5524D2FA9400C21AD4 /* ViewController.swift */; };
		E430CC5924D2FA9400C21AD4 /* Main.storyboard in Resources */ = {isa = PBXBuildFile; fileRef = E430CC5724D2FA9400C21AD4 /* Main.storyboard */; };
		E430CC5C24D2FA9400C21AD4 /* UFCTEST.xcdatamodeld in Sources */ = {isa = PBXBuildFile; fileRef = E430CC5A24D2FA9400C21AD4 /* UFCTEST.xcdatamodeld */; };
		E430CC5E24D2FA9700C21AD4 /* Assets.xcassets in Resources */ = {isa = PBXBuildFile; fileRef = E430CC5D24D2FA9700C21AD4 /* Assets.xcassets */; };
		E430CC6124D2FA9700C21AD4 /* LaunchScreen.storyboard in Resources */ = {isa = PBXBuildFile; fileRef = E430CC5F24D2FA9700C21AD4 /* LaunchScreen.storyboard */; };
/* End PBXBuildFile section */

/* Begin PBXFileReference section */
		E430CC4E24D2FA9400C21AD4 /* UFCTEST.app */ = {isa = PBXFileReference; explicitFileType = wrapper.application; includeInIndex = 0; path = UFCTEST.app; sourceTree = BUILT_PRODUCTS_DIR; };
		E430CC5124D2FA9400C21AD4 /* AppDelegate.swift */ = {isa = PBXFileReference; lastKnownFileType = sourcecode.swift; path = AppDelegate.swift; sourceTree = "<group>"; };
		E430CC5324D2FA9400C21AD4 /* SceneDelegate.swift */ = {isa = PBXFileReference; lastKnownFileType = sourcecode.swift; path = SceneDelegate.swift; sourceTree = "<group>"; };
		E430CC5524D2FA9400C21AD4 /* ViewController.swift */ = {isa = PBXFileReference; lastKnownFileType = sourcecode.swift; path = ViewController.swift; sourceTree = "<group>"; };
		E430CC5824D2FA9400C21AD4 /* Base */ = {isa = PBXFileReference; lastKnownFileType = file.storyboard; name = Base; path = Base.lproj/Main.storyboard; sourceTree = "<group>"; };
		E430CC5B24D2FA9400C21AD4 /* UFCTEST.xcdatamodel */ = {isa = PBXFileReference; lastKnownFileType = wrapper.xcdatamodel; path = UFCTEST.xcdatamodel; sourceTree = "<group>"; };
		E430CC5D24D2FA9700C21AD4 /* Assets.xcassets */ = {isa = PBXFileReference; lastKnownFileType = folder.assetcatalog; path = Assets.xcassets; sourceTree = "<group>"; };
		E430CC6024D2FA9700C21AD4 /* Base */ = {isa = PBXFileReference; lastKnownFileType = file.storyboard; name = Base; path = Base.lproj/LaunchScreen.storyboard; sourceTree = "<group>"; };
		E430CC6224D2FA9700C21AD4 /* Info.plist */ = {isa = PBXFileReference; lastKnownFileType = text.plist.xml; path = Info.plist; sourceTree = "<group>"; };
/* End PBXFileReference section */

/* Begin PBXFrameworksBuildPhase section */
		E430CC4B24D2FA9400C21AD4 /* Frameworks */ = {
			isa = PBXFrameworksBuildPhase;
			buildActionMask = 2147483647;
			files = (
			);
			runOnlyForDeploymentPostprocessing = 0;
		};
/* End PBXFrameworksBuildPhase section */

/* Begin PBXGroup section */
		E430CC4524D2FA9400C21AD4 = {
			isa = PBXGroup;
			children = (
				E430CC5024D2FA9400C21AD4 /* UFCTEST */,
				E430CC4F24D2FA9400C21AD4 /* Products */,
			);
			sourceTree = "<group>";
		};
		E430CC4F24D2FA9400C21AD4 /* Products */ = {
			isa = PBXGroup;
			children = (
				E430CC4E24D2FA9400C21AD4 /* UFCTEST.app */,
			);
			name = Products;
			sourceTree = "<group>";
		};
		E430CC5024D2FA9400C21AD4 /* UFCTEST */ = {
			isa = PBXGroup;
			children = (
				E430CC5124D2FA9400C21AD4 /* AppDelegate.swift */,
				E430CC5324D2FA9400C21AD4 /* SceneDelegate.swift */,
				E430CC5524D2FA9400C21AD4 /* ViewController.swift */,
				E430CC5724D2FA9400C21AD4 /* Main.storyboard */,
				E430CC5D24D2FA9700C21AD4 /* Assets.xcassets */,
				E430CC5F24D2FA9700C21AD4 /* LaunchScreen.storyboard */,
				E430CC6224D2FA9700C21AD4 /* Info.plist */,
				E430CC5A24D2FA9400C21AD4 /* UFCTEST.xcdatamodeld */,
			);
			path = UFCTEST;
			sourceTree = "<group>";
		};
/* End PBXGroup section */

/* Begin PBXNativeTarget section */
		E430CC4D24D2FA9400C21AD4 /* UFCTEST */ = {
			isa = PBXNativeTarget;
			buildConfigurationList = E430CC6524D2FA9700C21AD4 /* Build configuration list for PBXNativeTarget "UFCTEST" */;
			buildPhases = (
				E430CC4A24D2FA9400C21AD4 /* Sources */,
				E430CC4B24D2FA9400C21AD4 /* Frameworks */,
				E430CC4C24D2FA9400C21AD4 /* Resources */,
			);
			buildRules = (
			);
			dependencies = (
			);
			name = UFCTEST;
			productName = UFCTEST;
			productReference = E430CC4E24D2FA9400C21AD4 /* UFCTEST.app */;
			productType = "com.apple.product-type.application";
		};
/* End PBXNativeTarget section */

/* Begin PBXProject section */
		E430CC4624D2FA9400C21AD4 /* Project object */ = {
			isa = PBXProject;
			attributes = {
				LastSwiftUpdateCheck = 1130;
				LastUpgradeCheck = 1130;
				ORGANIZATIONNAME = "Акифьев Максим ";
				TargetAttributes = {
					E430CC4D24D2FA9400C21AD4 = {
						CreatedOnToolsVersion = 11.3.1;
					};
				};
			};
			buildConfigurationList = E430CC4924D2FA9400C21AD4 /* Build configuration list for PBXProject "UFCTEST" */;
			compatibilityVersion = "Xcode 9.3";
			developmentRegion = en;
			hasScannedForEncodings = 0;
			knownRegions = (
				en,
				Base,
			);
			mainGroup = E430CC4524D2FA9400C21AD4;
			productRefGroup = E430CC4F24D2FA9400C21AD4 /* Products */;
			projectDirPath = "";
			projectRoot = "";
			targets = (
				E430CC4D24D2FA9400C21AD4 /* UFCTEST */,
			);
		};
/* End PBXProject section */

/* Begin PBXResourcesBuildPhase section */
		E430CC4C24D2FA9400C21AD4 /* Resources */ = {
			isa = PBXResourcesBuildPhase;
			buildActionMask = 2147483647;
			files = (
				E430CC6124D2FA9700C21AD4 /* LaunchScreen.storyboard in Resources */,
				E430CC5E24D2FA9700C21AD4 /* Assets.xcassets in Resources */,
				E430CC5924D2FA9400C21AD4 /* Main.storyboard in Resources */,
			);
			runOnlyForDeploymentPostprocessing = 0;
		};
/* End PBXResourcesBuildPhase section */

/* Begin PBXSourcesBuildPhase section */
		E430CC4A24D2FA9400C21AD4 /* Sources */ = {
			isa = PBXSourcesBuildPhase;
			buildActionMask = 2147483647;
			files = (
				E430CC5624D2FA9400C21AD4 /* ViewController.swift in Sources */,
				E430CC5224D2FA9400C21AD4 /* AppDelegate.swift in Sources */,
				E430CC5C24D2FA9400C21AD4 /* UFCTEST.xcdatamodeld in Sources */,
				E430CC5424D2FA9400C21AD4 /* SceneDelegate.swift in Sources */,
			);
			runOnlyForDeploymentPostprocessing = 0;
		};
/* End PBXSourcesBuildPhase section */

/* Begin PBXVariantGroup section */
		E430CC5724D2FA9400C21AD4 /* Main.storyboard */ = {
			isa = PBXVariantGroup;
			children = (
				E430CC5824D2FA9400C21AD4 /* Base */,
			);
			name = Main.storyboard;
			sourceTree = "<group>";
		};
		E430CC5F24D2FA9700C21AD4 /* LaunchScreen.storyboard */ = {
			isa = PBXVariantGroup;
			children = (
				E430CC6024D2FA9700C21AD4 /* Base */,
			);
			name = LaunchScreen.storyboard;
			sourceTree = "<group>";
		};
/* End PBXVariantGroup section */

/* Begin XCBuildConfiguration section */
		E430CC6324D2FA9700C21AD4 /* Debug */ = {
			isa = XCBuildConfiguration;
			buildSettings = {
				ALWAYS_SEARCH_USER_PATHS = NO;
				CLANG_ANALYZER_NONNULL = YES;
				CLANG_ANALYZER_NUMBER_OBJECT_CONVERSION = YES_AGGRESSIVE;
				CLANG_CXX_LANGUAGE_STANDARD = "gnu++14";
				CLANG_CXX_LIBRARY = "libc++";
				CLANG_ENABLE_MODULES = YES;
				CLANG_ENABLE_OBJC_ARC = YES;
				CLANG_ENABLE_OBJC_WEAK = YES;
				CLANG_WARN_BLOCK_CAPTURE_AUTORELEASING = YES;
				CLANG_WARN_BOOL_CONVERSION = YES;
				CLANG_WARN_COMMA = YES;
				CLANG_WARN_CONSTANT_CONVERSION = YES;
				CLANG_WARN_DEPRECATED_OBJC_IMPLEMENTATIONS = YES;
				CLANG_WARN_DIRECT_OBJC_ISA_USAGE = YES_ERROR;
				CLANG_WARN_DOCUMENTATION_COMMENTS = YES;
				CLANG_WARN_EMPTY_BODY = YES;
				CLANG_WARN_ENUM_CONVERSION = YES;
				CLANG_WARN_INFINITE_RECURSION = YES;
				CLANG_WARN_INT_CONVERSION = YES;
				CLANG_WARN_NON_LITERAL_NULL_CONVERSION = YES;
				CLANG_WARN_OBJC_IMPLICIT_RETAIN_SELF = YES;
				CLANG_WARN_OBJC_LITERAL_CONVERSION = YES;
				CLANG_WARN_OBJC_ROOT_CLASS = YES_ERROR;
				CLANG_WARN_RANGE_LOOP_ANALYSIS = YES;
				CLANG_WARN_STRICT_PROTOTYPES = YES;
				CLANG_WARN_SUSPICIOUS_MOVE = YES;
				CLANG_WARN_UNGUARDED_AVAILABILITY = YES_AGGRESSIVE;
				CLANG_WARN_UNREACHABLE_CODE = YES;
				CLANG_WARN__DUPLICATE_METHOD_MATCH = YES;
				COPY_PHASE_STRIP = NO;
				DEBUG_INFORMATION_FORMAT = dwarf;
				ENABLE_STRICT_OBJC_MSGSEND = YES;
				ENABLE_TESTABILITY = YES;
				GCC_C_LANGUAGE_STANDARD = gnu11;
				GCC_DYNAMIC_NO_PIC = NO;
				GCC_NO_COMMON_BLOCKS = YES;
				GCC_OPTIMIZATION_LEVEL = 0;
				GCC_PREPROCESSOR_DEFINITIONS = (
					"DEBUG=1",
					"$(inherited)",
				);
				GCC_WARN_64_TO_32_BIT_CONVERSION = YES;
				GCC_WARN_ABOUT_RETURN_TYPE = YES_ERROR;
				GCC_WARN_UNDECLARED_SELECTOR = YES;
				GCC_WARN_UNINITIALIZED_AUTOS = YES_AGGRESSIVE;
				GCC_WARN_UNUSED_FUNCTION = YES;
				GCC_WARN_UNUSED_VARIABLE = YES;
				IPHONEOS_DEPLOYMENT_TARGET = 13.2;
				MTL_ENABLE_DEBUG_INFO = INCLUDE_SOURCE;
				MTL_FAST_MATH = YES;
				ONLY_ACTIVE_ARCH = YES;
				SDKROOT = iphoneos;
				SWIFT_ACTIVE_COMPILATION_CONDITIONS = DEBUG;
				SWIFT_OPTIMIZATION_LEVEL = "-Onone";
			};
			name = Debug;
		};
		E430CC6424D2FA9700C21AD4 /* Release */ = {
			isa = XCBuildConfiguration;
			buildSettings = {
				ALWAYS_SEARCH_USER_PATHS = NO;
				CLANG_ANALYZER_NONNULL = YES;
				CLANG_ANALYZER_NUMBER_OBJECT_CONVERSION = YES_AGGRESSIVE;
				CLANG_CXX_LANGUAGE_STANDARD = "gnu++14";
				CLANG_CXX_LIBRARY = "libc++";
				CLANG_ENABLE_MODULES = YES;
				CLANG_ENABLE_OBJC_ARC = YES;
				CLANG_ENABLE_OBJC_WEAK = YES;
				CLANG_WARN_BLOCK_CAPTURE_AUTORELEASING = YES;
				CLANG_WARN_BOOL_CONVERSION = YES;
				CLANG_WARN_COMMA = YES;
				CLANG_WARN_CONSTANT_CONVERSION = YES;
				CLANG_WARN_DEPRECATED_OBJC_IMPLEMENTATIONS = YES;
				CLANG_WARN_DIRECT_OBJC_ISA_USAGE = YES_ERROR;
				CLANG_WARN_DOCUMENTATION_COMMENTS = YES;
				CLANG_WARN_EMPTY_BODY = YES;
				CLANG_WARN_ENUM_CONVERSION = YES;
				CLANG_WARN_INFINITE_RECURSION = YES;
				CLANG_WARN_INT_CONVERSION = YES;
				CLANG_WARN_NON_LITERAL_NULL_CONVERSION = YES;
				CLANG_WARN_OBJC_IMPLICIT_RETAIN_SELF = YES;
				CLANG_WARN_OBJC_LITERAL_CONVERSION = YES;
				CLANG_WARN_OBJC_ROOT_CLASS = YES_ERROR;
				CLANG_WARN_RANGE_LOOP_ANALYSIS = YES;
				CLANG_WARN_STRICT_PROTOTYPES = YES;
				CLANG_WARN_SUSPICIOUS_MOVE = YES;
				CLANG_WARN_UNGUARDED_AVAILABILITY = YES_AGGRESSIVE;
				CLANG_WARN_UNREACHABLE_CODE = YES;
				CLANG_WARN__DUPLICATE_METHOD_MATCH = YES;
				COPY_PHASE_STRIP = NO;
				DEBUG_INFORMATION_FORMAT = "dwarf-with-dsym";
				ENABLE_NS_ASSERTIONS = NO;
				ENABLE_STRICT_OBJC_MSGSEND = YES;
				GCC_C_LANGUAGE_STANDARD = gnu11;
				GCC_NO_COMMON_BLOCKS = YES;
				GCC_WARN_64_TO_32_BIT_CONVERSION = YES;
				GCC_WARN_ABOUT_RETURN_TYPE = YES_ERROR;
				GCC_WARN_UNDECLARED_SELECTOR = YES;
				GCC_WARN_UNINITIALIZED_AUTOS = YES_AGGRESSIVE;
				GCC_WARN_UNUSED_FUNCTION = YES;
				GCC_WARN_UNUSED_VARIABLE = YES;
				IPHONEOS_DEPLOYMENT_TARGET = 13.2;
				MTL_ENABLE_DEBUG_INFO = NO;
				MTL_FAST_MATH = YES;
				SDKROOT = iphoneos;
				SWIFT_COMPILATION_MODE = wholemodule;
				SWIFT_OPTIMIZATION_LEVEL = "-O";
				VALIDATE_PRODUCT = YES;
			};
			name = Release;
		};
		E430CC6624D2FA9700C21AD4 /* Debug */ = {
			isa = XCBuildConfiguration;
			buildSettings = {
				ASSETCATALOG_COMPILER_APPICON_NAME = AppIcon;
				CODE_SIGN_STYLE = Automatic;
				DEVELOPMENT_TEAM = DU4FBT3GR2;
				INFOPLIST_FILE = UFCTEST/Info.plist;
				LD_RUNPATH_SEARCH_PATHS = (
					"$(inherited)",
					"@executable_path/Frameworks",
				);
				PRODUCT_BUNDLE_IDENTIFIER = com.Test.UFCTEST;
				PRODUCT_NAME = "$(TARGET_NAME)";
				SWIFT_VERSION = 5.0;
				TARGETED_DEVICE_FAMILY = "1,2";
			};
			name = Debug;
		};
		E430CC6724D2FA9700C21AD4 /* Release */ = {
			isa = XCBuildConfiguration;
			buildSettings = {
				ASSETCATALOG_COMPILER_APPICON_NAME = AppIcon;
				CODE_SIGN_STYLE = Automatic;
				DEVELOPMENT_TEAM = DU4FBT3GR2;
				INFOPLIST_FILE = UFCTEST/Info.plist;
				LD_RUNPATH_SEARCH_PATHS = (
					"$(inherited)",
					"@executable_path/Frameworks",
				);
				PRODUCT_BUNDLE_IDENTIFIER = com.Test.UFCTEST;
				PRODUCT_NAME = "$(TARGET_NAME)";
				SWIFT_VERSION = 5.0;
				TARGETED_DEVICE_FAMILY = "1,2";
			};
			name = Release;
		};
/* End XCBuildConfiguration section */

/* Begin XCConfigurationList section */
		E430CC4924D2FA9400C21AD4 /* Build configuration list for PBXProject "UFCTEST" */ = {
			isa = XCConfigurationList;
			buildConfigurations = (
				E430CC6324D2FA9700C21AD4 /* Debug */,
				E430CC6424D2FA9700C21AD4 /* Release */,
			);
			defaultConfigurationIsVisible = 0;
			defaultConfigurationName = Release;
		};
		E430CC6524D2FA9700C21AD4 /* Build configuration list for PBXNativeTarget "UFCTEST" */ = {
			isa = XCConfigurationList;
			buildConfigurations = (
				E430CC6624D2FA9700C21AD4 /* Debug */,
				E430CC6724D2FA9700C21AD4 /* Release */,
			);
			defaultConfigurationIsVisible = 0;
			defaultConfigurationName = Release;
		};
/* End XCConfigurationList section */

/* Begin XCVersionGroup section */
		E430CC5A24D2FA9400C21AD4 /* UFCTEST.xcdatamodeld */ = {
			isa = XCVersionGroup;
			children = (
				E430CC5B24D2FA9400C21AD4 /* UFCTEST.xcdatamodel */,
			);
			currentVersion = E430CC5B24D2FA9400C21AD4 /* UFCTEST.xcdatamodel */;
			path = UFCTEST.xcdatamodeld;
			sourceTree = "<group>";
			versionGroupType = wrapper.xcdatamodel;
		};
/* End XCVersionGroup section */
	};
	rootObject = E430CC4624D2FA9400C21AD4 /* Project object */;
}
